# This file is autogenerated, do not edit; changes may be undone by the next 'dep ensure'.


[[projects]]
  digest = "1:4d6f036ea3fe636bcb2e89850bcdc62a771354e157cd51b8b22a2de8562bf663"
  name = "cloud.google.com/go"
  packages = ["compute/metadata"]
  pruneopts = "UT"
  revision = "28a4bc8c44b3acbcc482cff0cdf7de29a4688b61"
  version = "v0.35.1"

[[projects]]
  digest = "1:97df918963298c287643883209a2c3f642e6593379f97ab400c2a2e219ab647d"
  name = "github.com/golang/protobuf"
  packages = ["proto"]
  pruneopts = "UT"
  revision = "aa810b61a9c79d51363740d207bb46cf8e620ed5"
  version = "v1.2.0"

[[projects]]
  branch = "master"
  digest = "1:2c73f0318e9e0f972a39ced70b2648f2764259938bb15ac9daed20f4d49da70f"
  name = "github.com/jordic/goics"
  packages = ["."]
  pruneopts = "UT"
  revision = "feb996c8e01f48a15f84459592b5d1993e12f0ec"

[[projects]]
  branch = "master"
  digest = "1:03f6f430c25614089460bd1531c21edc10ba3971fa3362995a18dabbd16da705"
  name = "github.com/pborman/getopt"
  packages = ["v2"]
  pruneopts = "UT"
  revision = "2b5b3bfb099b7da3e2f433966f8ab1d5803e0876"

[[projects]]
  branch = "master"
  digest = "1:63987b971c0f3240a0f1eed70b80b360e6a57d7a8c85ed7daa8bf770319ab308"
  name = "github.com/pquerna/ffjson"
  packages = [
    "ffjson",
    "fflib/v1",
    "fflib/v1/internal",
  ]
  pruneopts = "UT"
  revision = "e517b90714f7c0eabe6d2e570a5886ae077d6db6"

[[projects]]
  branch = "master"
  digest = "1:f8b491a7c25030a895a0e579742d07136e6958e77ef2d46e769db8eec4e58fcd"
  name = "golang.org/x/net"
  packages = [
    "context",
    "context/ctxhttp",
  ]
  pruneopts = "UT"
  revision = "d26f9f9a57f3fab6a695bec0d84433c2c50f8bbf"

[[projects]]
  branch = "master"
  digest = "1:511a6232760c10dcb1ebf1ab83ef0291e2baf801f203ca6314759c5458b73a6a"
  name = "golang.org/x/oauth2"
  packages = [
    ".",
    "google",
    "internal",
    "jws",
    "jwt",
  ]
  pruneopts = "UT"
  revision = "5dab4167f31cbd76b407f1486c86b40748bc5073"

[[projects]]
  branch = "master"
  digest = "1:ff2fe873aa1b1dea7d530fbe411b1c37ec22048d26d0652103a988a56de9f7f9"
  name = "google.golang.org/api"
  packages = [
    "calendar/v3",
    "gensupport",
    "googleapi",
    "googleapi/internal/uritemplates",
  ]
  pruneopts = "UT"
  revision = "59f8eae6bc597bfd5d5b292134c4b19d8955ed8a"

[[projects]]
  digest = "1:fa026a5c59bd2df343ec4a3538e6288dcf4e2ec5281d743ae82c120affe6926a"
  name = "google.golang.org/appengine"
  packages = [
    ".",
    "internal",
    "internal/app_identity",
    "internal/base",
    "internal/datastore",
    "internal/log",
    "internal/modules",
    "internal/remote_api",
    "internal/urlfetch",
    "urlfetch",
  ]
  pruneopts = "UT"
  revision = "e9657d882bb81064595ca3b56cbe2546bbabf7b1"
  version = "v1.4.0"

[solve-meta]
  analyzer-name = "dep"
  analyzer-version = 1
  input-imports = [
    "github.com/jordic/goics",
    "github.com/pborman/getopt/v2",
    "github.com/pquerna/ffjson/ffjson",
    "github.com/pquerna/ffjson/fflib/v1",
    "golang.org/x/net/context",
    "golang.org/x/oauth2",
    "golang.org/x/oauth2/google",
    "google.golang.org/api/calendar/v3",
  ]
  solver-name = "gps-cdcl"
  solver-version = 1
